
Microsoft Visual Studio Solution File, Format Version 12.00
# Visual Studio Version 17
VisualStudioVersion = 17.0.32112.339
MinimumVisualStudioVersion = 10.0.40219.1
Project("{FAE04EC0-301F-11D3-BF4B-00C04F79EFBC}") = "EnhancedAlphabet", "EnhancedAlphabet\EnhancedAlphabet.csproj", "{65856BAC-015B-42CD-A76E-B485EB11AB96}"
EndProject
Global
	GlobalSection(SolutionConfigurationPlatforms) = preSolution
		Debug|Any CPU = Debug|Any CPU
		Release|Any CPU = Release|Any CPU
	EndGlobalSection
	GlobalSection(ProjectConfigurationPlatforms) = postSolution
		{65856BAC-015B-42CD-A76E-B485EB11AB96}.Debug|Any CPU.ActiveCfg = Debug|Any CPU
		{65856BAC-015B-42CD-A76E-B485EB11AB96}.Debug|Any CPU.Build.0 = Debug|Any CPU
		{65856BAC-015B-42CD-A76E-B485EB11AB96}.Release|Any CPU.ActiveCfg = Release|Any CPU
		{65856BAC-015B-42CD-A76E-B485EB11AB96}.Release|Any CPU.Build.0 = Release|Any CPU
	EndGlobalSection
	GlobalSection(SolutionProperties) = preSolution
		HideSolutionNode = FALSE
	EndGlobalSection
	GlobalSection(ExtensibilityGlobals) = postSolution
		SolutionGuid = {E8276E68-0BCA-4D9B-98DE-5FD1A706A31F}
	EndGlobalSection
EndGlobal
